
Microsoft Visual Studio Solution File, Format Version 12.00
Project("{FAE04EC0-301F-11D3-BF4B-00C04F79EFBC}") = "Networth.AppHost", "Networth.AppHost\Networth.AppHost.csproj", "{9FB4D1DD-11D0-4285-B43D-D1D10C18412A}"
EndProject
Project("{FAE04EC0-301F-11D3-BF4B-00C04F79EFBC}") = "Networth.ServiceDefaults", "Networth.ServiceDefaults\Networth.ServiceDefaults.csproj", "{FAFB273E-069F-42EB-8301-95B5908F99E9}"
EndProject
Project("{FAE04EC0-301F-11D3-BF4B-00C04F79EFBC}") = "Networth.Backend.Functions", "Networth.Backend.Functions\Networth.Backend.Functions.csproj", "{BC5BF6FF-2883-4591-8E05-02684270D556}"
EndProject
Project("{2150E333-8FDC-42A3-9474-1A3956D46DE8}") = "Solution Items", "Solution Items", "{E1C4A8A5-9B4D-4C1E-8E9F-1A2B3C4D5E6F}"
	ProjectSection(SolutionItems) = preProject
		Directory.Build.props = Directory.Build.props
		Directory.Packages.props = Directory.Packages.props
		global.json = global.json
		.spectral.yml = .spectral.yml
		.editorconfig = .editorconfig
		.gitignore = .gitignore
		README.md = README.md
	EndProjectSection
EndProject
Global
	GlobalSection(SolutionConfigurationPlatforms) = preSolution
		Debug|Any CPU = Debug|Any CPU
		Release|Any CPU = Release|Any CPU
	EndGlobalSection
	GlobalSection(ProjectConfigurationPlatforms) = postSolution
		{9FB4D1DD-11D0-4285-B43D-D1D10C18412A}.Debug|Any CPU.ActiveCfg = Debug|Any CPU
		{9FB4D1DD-11D0-4285-B43D-D1D10C18412A}.Debug|Any CPU.Build.0 = Debug|Any CPU
		{9FB4D1DD-11D0-4285-B43D-D1D10C18412A}.Release|Any CPU.ActiveCfg = Release|Any CPU
		{9FB4D1DD-11D0-4285-B43D-D1D10C18412A}.Release|Any CPU.Build.0 = Release|Any CPU
		{FAFB273E-069F-42EB-8301-95B5908F99E9}.Debug|Any CPU.ActiveCfg = Debug|Any CPU
		{FAFB273E-069F-42EB-8301-95B5908F99E9}.Debug|Any CPU.Build.0 = Debug|Any CPU
		{FAFB273E-069F-42EB-8301-95B5908F99E9}.Release|Any CPU.ActiveCfg = Release|Any CPU
		{FAFB273E-069F-42EB-8301-95B5908F99E9}.Release|Any CPU.Build.0 = Release|Any CPU
		{BC5BF6FF-2883-4591-8E05-02684270D556}.Debug|Any CPU.ActiveCfg = Debug|Any CPU
		{BC5BF6FF-2883-4591-8E05-02684270D556}.Debug|Any CPU.Build.0 = Debug|Any CPU
		{BC5BF6FF-2883-4591-8E05-02684270D556}.Release|Any CPU.ActiveCfg = Release|Any CPU
		{BC5BF6FF-2883-4591-8E05-02684270D556}.Release|Any CPU.Build.0 = Release|Any CPU
	EndGlobalSection
EndGlobal
