
Microsoft Visual Studio Solution File, Format Version 12.00
# Visual Studio Version 17
VisualStudioVersion = 17.0.31903.59
MinimumVisualStudioVersion = 10.0.40219.1
Project("{2150E333-8FDC-42A3-9474-1A3956D46DE8}") = "Solution Items", "Solution Items", "{2E85F0E5-123A-4567-B890-123456789ABC}"
	ProjectSection(SolutionItems) = preProject
		.editorconfig = .editorconfig
		.spectral.yml = .spectral.yml
		Directory.Build.props = Directory.Build.props
		Directory.Packages.props = Directory.Packages.props
		global.json = global.json
	EndProjectSection
EndProject
Project("{FAE04EC0-301F-11D3-BF4B-00C04F79EFBC}") = "NetworthAspire.AppHost", "NetworthAspire.AppHost\NetworthAspire.AppHost.csproj", "{C1FCD1A0-4A47-4BC2-A561-C0A2EDD05FD9}"
EndProject
Project("{FAE04EC0-301F-11D3-BF4B-00C04F79EFBC}") = "NetworthAspire.ServiceDefaults", "NetworthAspire.ServiceDefaults\NetworthAspire.ServiceDefaults.csproj", "{B2760B14-6D5B-4761-B056-15A7AF8EE79A}"
EndProject
Project("{2150E333-8FDC-42A3-9474-1A3956D46DE8}") = "Src", "Src", "{827E0CD3-B72D-47B6-A68D-7590B98EB39B}"
EndProject
Project("{2150E333-8FDC-42A3-9474-1A3956D46DE8}") = "Backend", "Backend", "{FE360695-3F2B-1049-3887-35FBB5135923}"
EndProject
Project("{FAE04EC0-301F-11D3-BF4B-00C04F79EFBC}") = "Networth.Api", "Src\Backend\Networth.Api\Networth.Api.csproj", "{8928C4D5-CA77-47B8-AC23-D9835AE7418B}"
EndProject
Project("{FAE04EC0-301F-11D3-BF4B-00C04F79EFBC}") = "Networth.Application", "Src\Backend\Networth.Application\Networth.Application.csproj", "{E92F8A13-1F4C-4111-AA51-6A03004FC620}"
EndProject
Project("{FAE04EC0-301F-11D3-BF4B-00C04F79EFBC}") = "Networth.Domain", "Src\Backend\Networth.Domain\Networth.Domain.csproj", "{9ACB9BA9-24F5-4271-83D9-E8FF98C6CB47}"
EndProject
Project("{FAE04EC0-301F-11D3-BF4B-00C04F79EFBC}") = "Networth.Infrastructure", "Src\Backend\Networth.Infrastructure\Networth.Infrastructure.csproj", "{EE6ECD32-5BD1-4DC5-94C5-D7F765084A88}"
EndProject
Project("{FAE04EC0-301F-11D3-BF4B-00C04F79EFBC}") = "Networth.Function", "Src\Backend\Networth.Function\Networth.Function.csproj", "{BC01E309-7262-4192-A1E2-C3266772EB44}"
EndProject
Project("{FAE04EC0-301F-11D3-BF4B-00C04F79EFBC}") = "NetworthAspire.ApiService", "Src\Backend\NetworthAspire.ApiService\NetworthAspire.ApiService.csproj", "{8D384813-4CE0-462A-BCE1-51A1B4ADD0D9}"
EndProject
Project("{2150E333-8FDC-42A3-9474-1A3956D46DE8}") = "Frontend", "Frontend", "{42299874-777B-F2D0-9D08-D24097ABCE7E}"
EndProject
Project("{FAE04EC0-301F-11D3-BF4B-00C04F79EFBC}") = "NetworthAspire.Web", "Src\Frontend\NetworthAspire.Web\NetworthAspire.Web.csproj", "{4A0990F9-8D51-44A2-9FD6-FCC83E270288}"
EndProject
Project("{2150E333-8FDC-42A3-9474-1A3956D46DE8}") = "Tests", "Tests", "{21B492A6-2B6E-F631-9A2D-FB5DBF2E7C86}"
EndProject
Project("{FAE04EC0-301F-11D3-BF4B-00C04F79EFBC}") = "Networth.Application.Unit", "Src\Backend\Tests\Networth.Application.Unit\Networth.Application.Unit.csproj", "{44DF581D-0374-41E4-A79A-AB84756A30AF}"
EndProject
Project("{FAE04EC0-301F-11D3-BF4B-00C04F79EFBC}") = "Networth.Api.SystemTest", "Src\Backend\Tests\Networth.Api.SystemTest\Networth.Api.SystemTest.csproj", "{55B16A20-0974-4276-AD26-E02E01FE7B3C}"
EndProject
Global
	GlobalSection(SolutionConfigurationPlatforms) = preSolution
		Debug|Any CPU = Debug|Any CPU
		Debug|x64 = Debug|x64
		Debug|x86 = Debug|x86
		Release|Any CPU = Release|Any CPU
		Release|x64 = Release|x64
		Release|x86 = Release|x86
	EndGlobalSection
	GlobalSection(ProjectConfigurationPlatforms) = postSolution
		{C1FCD1A0-4A47-4BC2-A561-C0A2EDD05FD9}.Debug|Any CPU.ActiveCfg = Debug|Any CPU
		{C1FCD1A0-4A47-4BC2-A561-C0A2EDD05FD9}.Debug|Any CPU.Build.0 = Debug|Any CPU
		{C1FCD1A0-4A47-4BC2-A561-C0A2EDD05FD9}.Debug|x64.ActiveCfg = Debug|Any CPU
		{C1FCD1A0-4A47-4BC2-A561-C0A2EDD05FD9}.Debug|x64.Build.0 = Debug|Any CPU
		{C1FCD1A0-4A47-4BC2-A561-C0A2EDD05FD9}.Debug|x86.ActiveCfg = Debug|Any CPU
		{C1FCD1A0-4A47-4BC2-A561-C0A2EDD05FD9}.Debug|x86.Build.0 = Debug|Any CPU
		{C1FCD1A0-4A47-4BC2-A561-C0A2EDD05FD9}.Release|Any CPU.ActiveCfg = Release|Any CPU
		{C1FCD1A0-4A47-4BC2-A561-C0A2EDD05FD9}.Release|Any CPU.Build.0 = Release|Any CPU
		{C1FCD1A0-4A47-4BC2-A561-C0A2EDD05FD9}.Release|x64.ActiveCfg = Release|Any CPU
		{C1FCD1A0-4A47-4BC2-A561-C0A2EDD05FD9}.Release|x64.Build.0 = Release|Any CPU
		{C1FCD1A0-4A47-4BC2-A561-C0A2EDD05FD9}.Release|x86.ActiveCfg = Release|Any CPU
		{C1FCD1A0-4A47-4BC2-A561-C0A2EDD05FD9}.Release|x86.Build.0 = Release|Any CPU
		{B2760B14-6D5B-4761-B056-15A7AF8EE79A}.Debug|Any CPU.ActiveCfg = Debug|Any CPU
		{B2760B14-6D5B-4761-B056-15A7AF8EE79A}.Debug|Any CPU.Build.0 = Debug|Any CPU
		{B2760B14-6D5B-4761-B056-15A7AF8EE79A}.Debug|x64.ActiveCfg = Debug|Any CPU
		{B2760B14-6D5B-4761-B056-15A7AF8EE79A}.Debug|x64.Build.0 = Debug|Any CPU
		{B2760B14-6D5B-4761-B056-15A7AF8EE79A}.Debug|x86.ActiveCfg = Debug|Any CPU
		{B2760B14-6D5B-4761-B056-15A7AF8EE79A}.Debug|x86.Build.0 = Debug|Any CPU
		{B2760B14-6D5B-4761-B056-15A7AF8EE79A}.Release|Any CPU.ActiveCfg = Release|Any CPU
		{B2760B14-6D5B-4761-B056-15A7AF8EE79A}.Release|Any CPU.Build.0 = Release|Any CPU
		{B2760B14-6D5B-4761-B056-15A7AF8EE79A}.Release|x64.ActiveCfg = Release|Any CPU
		{B2760B14-6D5B-4761-B056-15A7AF8EE79A}.Release|x64.Build.0 = Release|Any CPU
		{B2760B14-6D5B-4761-B056-15A7AF8EE79A}.Release|x86.ActiveCfg = Release|Any CPU
		{B2760B14-6D5B-4761-B056-15A7AF8EE79A}.Release|x86.Build.0 = Release|Any CPU
		{8928C4D5-CA77-47B8-AC23-D9835AE7418B}.Debug|Any CPU.ActiveCfg = Debug|Any CPU
		{8928C4D5-CA77-47B8-AC23-D9835AE7418B}.Debug|Any CPU.Build.0 = Debug|Any CPU
		{8928C4D5-CA77-47B8-AC23-D9835AE7418B}.Debug|x64.ActiveCfg = Debug|Any CPU
		{8928C4D5-CA77-47B8-AC23-D9835AE7418B}.Debug|x64.Build.0 = Debug|Any CPU
		{8928C4D5-CA77-47B8-AC23-D9835AE7418B}.Debug|x86.ActiveCfg = Debug|Any CPU
		{8928C4D5-CA77-47B8-AC23-D9835AE7418B}.Debug|x86.Build.0 = Debug|Any CPU
		{8928C4D5-CA77-47B8-AC23-D9835AE7418B}.Release|Any CPU.ActiveCfg = Release|Any CPU
		{8928C4D5-CA77-47B8-AC23-D9835AE7418B}.Release|Any CPU.Build.0 = Release|Any CPU
		{8928C4D5-CA77-47B8-AC23-D9835AE7418B}.Release|x64.ActiveCfg = Release|Any CPU
		{8928C4D5-CA77-47B8-AC23-D9835AE7418B}.Release|x64.Build.0 = Release|Any CPU
		{8928C4D5-CA77-47B8-AC23-D9835AE7418B}.Release|x86.ActiveCfg = Release|Any CPU
		{8928C4D5-CA77-47B8-AC23-D9835AE7418B}.Release|x86.Build.0 = Release|Any CPU
		{E92F8A13-1F4C-4111-AA51-6A03004FC620}.Debug|Any CPU.ActiveCfg = Debug|Any CPU
		{E92F8A13-1F4C-4111-AA51-6A03004FC620}.Debug|Any CPU.Build.0 = Debug|Any CPU
		{E92F8A13-1F4C-4111-AA51-6A03004FC620}.Debug|x64.ActiveCfg = Debug|Any CPU
		{E92F8A13-1F4C-4111-AA51-6A03004FC620}.Debug|x64.Build.0 = Debug|Any CPU
		{E92F8A13-1F4C-4111-AA51-6A03004FC620}.Debug|x86.ActiveCfg = Debug|Any CPU
		{E92F8A13-1F4C-4111-AA51-6A03004FC620}.Debug|x86.Build.0 = Debug|Any CPU
		{E92F8A13-1F4C-4111-AA51-6A03004FC620}.Release|Any CPU.ActiveCfg = Release|Any CPU
		{E92F8A13-1F4C-4111-AA51-6A03004FC620}.Release|Any CPU.Build.0 = Release|Any CPU
		{E92F8A13-1F4C-4111-AA51-6A03004FC620}.Release|x64.ActiveCfg = Release|Any CPU
		{E92F8A13-1F4C-4111-AA51-6A03004FC620}.Release|x64.Build.0 = Release|Any CPU
		{E92F8A13-1F4C-4111-AA51-6A03004FC620}.Release|x86.ActiveCfg = Release|Any CPU
		{E92F8A13-1F4C-4111-AA51-6A03004FC620}.Release|x86.Build.0 = Release|Any CPU
		{9ACB9BA9-24F5-4271-83D9-E8FF98C6CB47}.Debug|Any CPU.ActiveCfg = Debug|Any CPU
		{9ACB9BA9-24F5-4271-83D9-E8FF98C6CB47}.Debug|Any CPU.Build.0 = Debug|Any CPU
		{9ACB9BA9-24F5-4271-83D9-E8FF98C6CB47}.Debug|x64.ActiveCfg = Debug|Any CPU
		{9ACB9BA9-24F5-4271-83D9-E8FF98C6CB47}.Debug|x64.Build.0 = Debug|Any CPU
		{9ACB9BA9-24F5-4271-83D9-E8FF98C6CB47}.Debug|x86.ActiveCfg = Debug|Any CPU
		{9ACB9BA9-24F5-4271-83D9-E8FF98C6CB47}.Debug|x86.Build.0 = Debug|Any CPU
		{9ACB9BA9-24F5-4271-83D9-E8FF98C6CB47}.Release|Any CPU.ActiveCfg = Release|Any CPU
		{9ACB9BA9-24F5-4271-83D9-E8FF98C6CB47}.Release|Any CPU.Build.0 = Release|Any CPU
		{9ACB9BA9-24F5-4271-83D9-E8FF98C6CB47}.Release|x64.ActiveCfg = Release|Any CPU
		{9ACB9BA9-24F5-4271-83D9-E8FF98C6CB47}.Release|x64.Build.0 = Release|Any CPU
		{9ACB9BA9-24F5-4271-83D9-E8FF98C6CB47}.Release|x86.ActiveCfg = Release|Any CPU
		{9ACB9BA9-24F5-4271-83D9-E8FF98C6CB47}.Release|x86.Build.0 = Release|Any CPU
		{EE6ECD32-5BD1-4DC5-94C5-D7F765084A88}.Debug|Any CPU.ActiveCfg = Debug|Any CPU
		{EE6ECD32-5BD1-4DC5-94C5-D7F765084A88}.Debug|Any CPU.Build.0 = Debug|Any CPU
		{EE6ECD32-5BD1-4DC5-94C5-D7F765084A88}.Debug|x64.ActiveCfg = Debug|Any CPU
		{EE6ECD32-5BD1-4DC5-94C5-D7F765084A88}.Debug|x64.Build.0 = Debug|Any CPU
		{EE6ECD32-5BD1-4DC5-94C5-D7F765084A88}.Debug|x86.ActiveCfg = Debug|Any CPU
		{EE6ECD32-5BD1-4DC5-94C5-D7F765084A88}.Debug|x86.Build.0 = Debug|Any CPU
		{EE6ECD32-5BD1-4DC5-94C5-D7F765084A88}.Release|Any CPU.ActiveCfg = Release|Any CPU
		{EE6ECD32-5BD1-4DC5-94C5-D7F765084A88}.Release|Any CPU.Build.0 = Release|Any CPU
		{EE6ECD32-5BD1-4DC5-94C5-D7F765084A88}.Release|x64.ActiveCfg = Release|Any CPU
		{EE6ECD32-5BD1-4DC5-94C5-D7F765084A88}.Release|x64.Build.0 = Release|Any CPU
		{EE6ECD32-5BD1-4DC5-94C5-D7F765084A88}.Release|x86.ActiveCfg = Release|Any CPU
		{EE6ECD32-5BD1-4DC5-94C5-D7F765084A88}.Release|x86.Build.0 = Release|Any CPU
		{BC01E309-7262-4192-A1E2-C3266772EB44}.Debug|Any CPU.ActiveCfg = Debug|Any CPU
		{BC01E309-7262-4192-A1E2-C3266772EB44}.Debug|Any CPU.Build.0 = Debug|Any CPU
		{BC01E309-7262-4192-A1E2-C3266772EB44}.Debug|x64.ActiveCfg = Debug|Any CPU
		{BC01E309-7262-4192-A1E2-C3266772EB44}.Debug|x64.Build.0 = Debug|Any CPU
		{BC01E309-7262-4192-A1E2-C3266772EB44}.Debug|x86.ActiveCfg = Debug|Any CPU
		{BC01E309-7262-4192-A1E2-C3266772EB44}.Debug|x86.Build.0 = Debug|Any CPU
		{BC01E309-7262-4192-A1E2-C3266772EB44}.Release|Any CPU.ActiveCfg = Release|Any CPU
		{BC01E309-7262-4192-A1E2-C3266772EB44}.Release|Any CPU.Build.0 = Release|Any CPU
		{BC01E309-7262-4192-A1E2-C3266772EB44}.Release|x64.ActiveCfg = Release|Any CPU
		{BC01E309-7262-4192-A1E2-C3266772EB44}.Release|x64.Build.0 = Release|Any CPU
		{BC01E309-7262-4192-A1E2-C3266772EB44}.Release|x86.ActiveCfg = Release|Any CPU
		{BC01E309-7262-4192-A1E2-C3266772EB44}.Release|x86.Build.0 = Release|Any CPU
		{8D384813-4CE0-462A-BCE1-51A1B4ADD0D9}.Debug|Any CPU.ActiveCfg = Debug|Any CPU
		{8D384813-4CE0-462A-BCE1-51A1B4ADD0D9}.Debug|Any CPU.Build.0 = Debug|Any CPU
		{8D384813-4CE0-462A-BCE1-51A1B4ADD0D9}.Debug|x64.ActiveCfg = Debug|Any CPU
		{8D384813-4CE0-462A-BCE1-51A1B4ADD0D9}.Debug|x64.Build.0 = Debug|Any CPU
		{8D384813-4CE0-462A-BCE1-51A1B4ADD0D9}.Debug|x86.ActiveCfg = Debug|Any CPU
		{8D384813-4CE0-462A-BCE1-51A1B4ADD0D9}.Debug|x86.Build.0 = Debug|Any CPU
		{8D384813-4CE0-462A-BCE1-51A1B4ADD0D9}.Release|Any CPU.ActiveCfg = Release|Any CPU
		{8D384813-4CE0-462A-BCE1-51A1B4ADD0D9}.Release|Any CPU.Build.0 = Release|Any CPU
		{8D384813-4CE0-462A-BCE1-51A1B4ADD0D9}.Release|x64.ActiveCfg = Release|Any CPU
		{8D384813-4CE0-462A-BCE1-51A1B4ADD0D9}.Release|x64.Build.0 = Release|Any CPU
		{8D384813-4CE0-462A-BCE1-51A1B4ADD0D9}.Release|x86.ActiveCfg = Release|Any CPU
		{8D384813-4CE0-462A-BCE1-51A1B4ADD0D9}.Release|x86.Build.0 = Release|Any CPU
		{4A0990F9-8D51-44A2-9FD6-FCC83E270288}.Debug|Any CPU.ActiveCfg = Debug|Any CPU
		{4A0990F9-8D51-44A2-9FD6-FCC83E270288}.Debug|Any CPU.Build.0 = Debug|Any CPU
		{4A0990F9-8D51-44A2-9FD6-FCC83E270288}.Debug|x64.ActiveCfg = Debug|Any CPU
		{4A0990F9-8D51-44A2-9FD6-FCC83E270288}.Debug|x64.Build.0 = Debug|Any CPU
		{4A0990F9-8D51-44A2-9FD6-FCC83E270288}.Debug|x86.ActiveCfg = Debug|Any CPU
		{4A0990F9-8D51-44A2-9FD6-FCC83E270288}.Debug|x86.Build.0 = Debug|Any CPU
		{4A0990F9-8D51-44A2-9FD6-FCC83E270288}.Release|Any CPU.ActiveCfg = Release|Any CPU
		{4A0990F9-8D51-44A2-9FD6-FCC83E270288}.Release|Any CPU.Build.0 = Release|Any CPU
		{4A0990F9-8D51-44A2-9FD6-FCC83E270288}.Release|x64.ActiveCfg = Release|Any CPU
		{4A0990F9-8D51-44A2-9FD6-FCC83E270288}.Release|x64.Build.0 = Release|Any CPU
		{4A0990F9-8D51-44A2-9FD6-FCC83E270288}.Release|x86.ActiveCfg = Release|Any CPU
		{4A0990F9-8D51-44A2-9FD6-FCC83E270288}.Release|x86.Build.0 = Release|Any CPU
		{44DF581D-0374-41E4-A79A-AB84756A30AF}.Debug|Any CPU.ActiveCfg = Debug|Any CPU
		{44DF581D-0374-41E4-A79A-AB84756A30AF}.Debug|Any CPU.Build.0 = Debug|Any CPU
		{44DF581D-0374-41E4-A79A-AB84756A30AF}.Debug|x64.ActiveCfg = Debug|Any CPU
		{44DF581D-0374-41E4-A79A-AB84756A30AF}.Debug|x64.Build.0 = Debug|Any CPU
		{44DF581D-0374-41E4-A79A-AB84756A30AF}.Debug|x86.ActiveCfg = Debug|Any CPU
		{44DF581D-0374-41E4-A79A-AB84756A30AF}.Debug|x86.Build.0 = Debug|Any CPU
		{44DF581D-0374-41E4-A79A-AB84756A30AF}.Release|Any CPU.ActiveCfg = Release|Any CPU
		{44DF581D-0374-41E4-A79A-AB84756A30AF}.Release|Any CPU.Build.0 = Release|Any CPU
		{44DF581D-0374-41E4-A79A-AB84756A30AF}.Release|x64.ActiveCfg = Release|Any CPU
		{44DF581D-0374-41E4-A79A-AB84756A30AF}.Release|x64.Build.0 = Release|Any CPU
		{44DF581D-0374-41E4-A79A-AB84756A30AF}.Release|x86.ActiveCfg = Release|Any CPU
		{44DF581D-0374-41E4-A79A-AB84756A30AF}.Release|x86.Build.0 = Release|Any CPU
		{55B16A20-0974-4276-AD26-E02E01FE7B3C}.Debug|Any CPU.ActiveCfg = Debug|Any CPU
		{55B16A20-0974-4276-AD26-E02E01FE7B3C}.Debug|Any CPU.Build.0 = Debug|Any CPU
		{55B16A20-0974-4276-AD26-E02E01FE7B3C}.Debug|x64.ActiveCfg = Debug|Any CPU
		{55B16A20-0974-4276-AD26-E02E01FE7B3C}.Debug|x64.Build.0 = Debug|Any CPU
		{55B16A20-0974-4276-AD26-E02E01FE7B3C}.Debug|x86.ActiveCfg = Debug|Any CPU
		{55B16A20-0974-4276-AD26-E02E01FE7B3C}.Debug|x86.Build.0 = Debug|Any CPU
		{55B16A20-0974-4276-AD26-E02E01FE7B3C}.Release|Any CPU.ActiveCfg = Release|Any CPU
		{55B16A20-0974-4276-AD26-E02E01FE7B3C}.Release|Any CPU.Build.0 = Release|Any CPU
		{55B16A20-0974-4276-AD26-E02E01FE7B3C}.Release|x64.ActiveCfg = Release|Any CPU
		{55B16A20-0974-4276-AD26-E02E01FE7B3C}.Release|x64.Build.0 = Release|Any CPU
		{55B16A20-0974-4276-AD26-E02E01FE7B3C}.Release|x86.ActiveCfg = Release|Any CPU
		{55B16A20-0974-4276-AD26-E02E01FE7B3C}.Release|x86.Build.0 = Release|Any CPU
	EndGlobalSection
	GlobalSection(SolutionProperties) = preSolution
		HideSolutionNode = FALSE
	EndGlobalSection
	GlobalSection(NestedProjects) = preSolution
		{FE360695-3F2B-1049-3887-35FBB5135923} = {827E0CD3-B72D-47B6-A68D-7590B98EB39B}
		{8928C4D5-CA77-47B8-AC23-D9835AE7418B} = {FE360695-3F2B-1049-3887-35FBB5135923}
		{E92F8A13-1F4C-4111-AA51-6A03004FC620} = {FE360695-3F2B-1049-3887-35FBB5135923}
		{9ACB9BA9-24F5-4271-83D9-E8FF98C6CB47} = {FE360695-3F2B-1049-3887-35FBB5135923}
		{EE6ECD32-5BD1-4DC5-94C5-D7F765084A88} = {FE360695-3F2B-1049-3887-35FBB5135923}
		{BC01E309-7262-4192-A1E2-C3266772EB44} = {FE360695-3F2B-1049-3887-35FBB5135923}
		{8D384813-4CE0-462A-BCE1-51A1B4ADD0D9} = {FE360695-3F2B-1049-3887-35FBB5135923}
		{42299874-777B-F2D0-9D08-D24097ABCE7E} = {827E0CD3-B72D-47B6-A68D-7590B98EB39B}
		{4A0990F9-8D51-44A2-9FD6-FCC83E270288} = {42299874-777B-F2D0-9D08-D24097ABCE7E}
		{21B492A6-2B6E-F631-9A2D-FB5DBF2E7C86} = {FE360695-3F2B-1049-3887-35FBB5135923}
		{44DF581D-0374-41E4-A79A-AB84756A30AF} = {21B492A6-2B6E-F631-9A2D-FB5DBF2E7C86}
		{55B16A20-0974-4276-AD26-E02E01FE7B3C} = {21B492A6-2B6E-F631-9A2D-FB5DBF2E7C86}
	EndGlobalSection
EndGlobal
